
Microsoft Visual Studio Solution File, Format Version 12.00
# Visual Studio Version 17
VisualStudioVersion = 17.0.31903.59
MinimumVisualStudioVersion = 10.0.40219.1
Project("{FAE04EC0-301F-11D3-BF4B-00C04F79EFBC}") = "IdlegharDotnetBackend", "IdlegharDotnetBackend\IdlegharDotnetBackend.csproj", "{C4D29DFE-5ACD-40C8-8ACE-2224F8B4319A}"
EndProject
Project("{FAE04EC0-301F-11D3-BF4B-00C04F79EFBC}") = "IdlegharDotnetBackendTests", "IdlegharDotnetBackendTests\IdlegharDotnetBackendTests.csproj", "{69B85D2F-7534-49EE-A4C7-70EA4E2D32CA}"
EndProject
Project("{FAE04EC0-301F-11D3-BF4B-00C04F79EFBC}") = "IdlegharDotnetShared", "IdlegharDotnetShared\IdlegharDotnetShared.csproj", "{698D0FCC-EA5A-4709-B7AB-DEF29CD184E9}"
EndProject
Global
	GlobalSection(SolutionConfigurationPlatforms) = preSolution
		Debug|Any CPU = Debug|Any CPU
		Release|Any CPU = Release|Any CPU
	EndGlobalSection
	GlobalSection(SolutionProperties) = preSolution
		HideSolutionNode = FALSE
	EndGlobalSection
	GlobalSection(ProjectConfigurationPlatforms) = postSolution
		{C4D29DFE-5ACD-40C8-8ACE-2224F8B4319A}.Debug|Any CPU.ActiveCfg = Debug|Any CPU
		{C4D29DFE-5ACD-40C8-8ACE-2224F8B4319A}.Debug|Any CPU.Build.0 = Debug|Any CPU
		{C4D29DFE-5ACD-40C8-8ACE-2224F8B4319A}.Release|Any CPU.ActiveCfg = Release|Any CPU
		{C4D29DFE-5ACD-40C8-8ACE-2224F8B4319A}.Release|Any CPU.Build.0 = Release|Any CPU
		{69B85D2F-7534-49EE-A4C7-70EA4E2D32CA}.Debug|Any CPU.ActiveCfg = Debug|Any CPU
		{69B85D2F-7534-49EE-A4C7-70EA4E2D32CA}.Debug|Any CPU.Build.0 = Debug|Any CPU
		{69B85D2F-7534-49EE-A4C7-70EA4E2D32CA}.Release|Any CPU.ActiveCfg = Release|Any CPU
		{69B85D2F-7534-49EE-A4C7-70EA4E2D32CA}.Release|Any CPU.Build.0 = Release|Any CPU
		{698D0FCC-EA5A-4709-B7AB-DEF29CD184E9}.Debug|Any CPU.ActiveCfg = Debug|Any CPU
		{698D0FCC-EA5A-4709-B7AB-DEF29CD184E9}.Debug|Any CPU.Build.0 = Debug|Any CPU
		{698D0FCC-EA5A-4709-B7AB-DEF29CD184E9}.Release|Any CPU.ActiveCfg = Release|Any CPU
		{698D0FCC-EA5A-4709-B7AB-DEF29CD184E9}.Release|Any CPU.Build.0 = Release|Any CPU
	EndGlobalSection
EndGlobal
